{
  "lockfileVersion": 1,
  "configVersion": 0,
  "workspaces": {
    "": {
      "name": "jayptl-portfolio",
      "devDependencies": {
        "cssnano": "^7",
        "html-minifier-terser": "^7.2.0",
        "postcss": "^8.5.28",
        "terser": "^5.51.2",
      },
    },
  },
  "packages": {
    "@colordx/core": ["@colordx/core@5.8.0", "", {}, "sha512-cG0QJAO6VkaRUlIb0zOzX9gfJgs1pjoOL9gZ/PK1kfvBs0GCkADu5oQh6gPxXgQnZ3gV575h+lQRC0NlMDTclA=="],

    "@jridgewell/gen-mapping": ["@jridgewell/gen-mapping@0.3.13", "", { "dependencies": { "@jridgewell/sourcemap-codec": "^1.5.0", "@jridgewell/trace-mapping": "^0.3.24" } }, "sha512-2kkt/7niJ6MgEPxF0bYdQ6etZaA+fQvDcLKckhy1yIQOzaoKjBBjSj63/aLVjYE3qhRt5dvM+uUyfCg6UKCBbA=="],

    "@jridgewell/resolve-uri": ["@jridgewell/resolve-uri@3.1.2", "", {}, "sha512-bRISgCIjP20/tbWSPWMEi54QVPRZExkuD9lJL+UIxUKtwVJA8wW1Trb1jMs1RFXo1CBTNZ/5hpC9QvmKWdopKw=="],

    "@jridgewell/source-map": ["@jridgewell/source-map@0.3.11", "", { "dependencies": { "@jridgewell/gen-mapping": "^0.3.5", "@jridgewell/trace-mapping": "^0.3.25" } }, "sha512-ZMp1V8ZFcPG5dIWnQLr3NSI1MiCU7UETdS/A0G8V/XWHvJv3ZsFqutJn1Y5RPmAPX6F3BiE397OqveU/9NCuIA=="],

    "@jridgewell/sourcemap-codec": ["@jridgewell/sourcemap-codec@1.5.5", "", {}, "sha512-cYQ9310grqxueWbl+WuIUIaiUaDcj7WOq5fVhEljNVgRfOUhY9fy2zTvfoqWsnebh8Sl70VScFbICvJnLKB0Og=="],

    "@jridgewell/trace-mapping": ["@jridgewell/trace-mapping@0.3.31", "", { "dependencies": { "@jridgewell/resolve-uri": "^3.1.0", "@jridgewell/sourcemap-codec": "^1.4.14" } }, "sha512-zzNR+SdQSDJzc8joaeP8QQoCQr8NuYx2dIIytl1QeBEZHJ9uW6hebsrYgbz8hJwUQao3TWCMtmfV8Nu1twOLAw=="],

    "acorn": ["acorn@8.15.0", "", { "bin": { "acorn": "bin/acorn" } }, "sha512-NZyJarBfL7nWwIq+FDL6Zp/yHEhePMNnnJ0y3qfieCrmNvYct8uvtiV41UvlSe6apAfk0fY1FbWx+NwfmpvtTg=="],

    "baseline-browser-mapping": ["baseline-browser-mapping@2.11.26", "", { "bin": { "baseline-browser-mapping": "dist/cli.cjs" } }, "sha512-GLQdD3y6UF8iVuMJl5fHgE4jdn/ua7n+toKfLgNlg3BqQtOZjpy68T8Tup8/wGWZCDlm7KMg7tPb4MPn7oN0TQ=="],

    "boolbase": ["boolbase@1.0.0", "", {}, "sha512-JZOSA7Mo9sNGB8+UjSgzdLtokWAky1zbztM3WRLCbZ70/3cTANmQmOdR7y2g+J0e2WXywy1yS468tY+IruqEww=="],

    "browserslist": ["browserslist@4.29.1", "", { "dependencies": { "baseline-browser-mapping": "^2.11.25", "caniuse-lite": "^1.0.30001810", "electron-to-chromium": "^1.5.438", "node-releases": "^2.0.57", "update-browserslist-db": "^1.3.3" }, "bin": { "browserslist": "cli.js" } }, "sha512-AUdjuRyCNGUYtqpqfTmWyM4fXay8yIQhmLnvYe/THMGfT9B/34X7xQd3ifKxwyNPPpowVBjLb+64BN9Rn1mizw=="],

    "buffer-from": ["buffer-from@1.1.2", "", {}, "sha512-E+XQCRwSbaaiChtv6k6Dwgc+bx+Bs6vuKJHHl5kox/BaKbhiXzqQOwK4cO22yElGp2OCmjwVhT3HmxgyPGnJfQ=="],

    "camel-case": ["camel-case@4.1.2", "", { "dependencies": { "pascal-case": "^3.1.2", "tslib": "^2.0.3" } }, "sha512-gxGWBrTT1JuMx6R+o5PTXMmUnhnVzLQ9SNutD4YqKtI6ap897t3tKECYla6gCWEkplXnlNybEkZg9GEGxKFCgw=="],

    "caniuse-api": ["caniuse-api@3.0.0", "", { "dependencies": { "browserslist": "^4.0.0", "caniuse-lite": "^1.0.0", "lodash.memoize": "^4.1.2", "lodash.uniq": "^4.5.0" } }, "sha512-bsTwuIg/BZZK/vreVTYYbSWoe2F+71P7K5QGEX+pT250DZbfU1MQ5prOKpPR+LL6uWKK3KMwMCAS74QB3Um1uw=="],

    "caniuse-lite": ["caniuse-lite@1.0.30001812", "", {}, "sha512-qN+QNNBr93TCmFrmte0bBCjSDMuRvt78VlHT99qIGPszm4QsqCX8lnyWUFkHi8B7ZBAPq8SH+UqyXNy/odMdng=="],

    "clean-css": ["clean-css@5.3.3", "", { "dependencies": { "source-map": "~0.6.0" } }, "sha512-D5J+kHaVb/wKSFcyyV75uCn8fiY4sV38XJoe4CUyGQ+mOU/fMVYUdH1hJC+CJQ5uY3EnW27SbJYS4X8BiLrAFg=="],

    "commander": ["commander@10.0.1", "", {}, "sha512-y4Mg2tXshplEbSGzx7amzPwKKOCGuoSRP/CjEdwwk0FOGlUbq6lKuoyDZTNZkmxHdJtp54hdfY/JUrdL7Xfdug=="],

    "css-declaration-sorter": ["css-declaration-sorter@7.4.0", "", { "peerDependencies": { "postcss": "^8.0.9" } }, "sha512-LTuzjPoyA2vMGKKcaOqKSp7Ub2eGrNfKiZH4LpezxpNrsICGCSFvsQOI29psISxNZtaXibkC2CXzrQ5enMeGGw=="],

    "css-select": ["css-select@6.0.0", "", { "dependencies": { "boolbase": "^1.0.0", "css-what": "^7.0.0", "domhandler": "^5.0.3", "domutils": "^3.2.2", "nth-check": "^2.1.1" } }, "sha512-rZZVSLle8v0+EY8QAkDWrKhpgt6SA5OtHsgBnsj6ZaLb5dmDVOWUDtQitd9ydxxvEjhewNudS6eTVU7uOyzvXw=="],

    "css-tree": ["css-tree@3.1.0", "", { "dependencies": { "mdn-data": "2.12.2", "source-map-js": "^1.0.1" } }, "sha512-0eW44TGN5SQXU1mWSkKwFstI/22X2bG1nYzZTYMAWjylYURhse752YgbE4Cx46AC+bAvI+/dYTPRk1LqSUnu6w=="],

    "css-what": ["css-what@7.0.0", "", {}, "sha512-wD5oz5xibMOPHzy13CyGmogB3phdvcDaB5t0W/Nr5Z2O/agcB8YwOz6e2Lsp10pNDzBoDO9nVa3RGs/2BttpHQ=="],

    "cssesc": ["cssesc@3.0.0", "", { "bin": { "cssesc": "bin/cssesc" } }, "sha512-/Tb/JcjK111nNScGob5MNtsntNM1aCNUDipB/TkwZFhyDrrE47SOx/18wF2bbjgc3ZzCSKW1T5nt5EbFoAz/Vg=="],

    "cssnano": ["cssnano@7.1.9", "", { "dependencies": { "cssnano-preset-default": "^7.0.17", "lilconfig": "^3.1.3" }, "peerDependencies": { "postcss": "^8.5.13" } }, "sha512-uPR75+5Dk/WJ/YSPR1/YDHdwMM9c5FsaARljfKWgeCKLKOtJ0we21xy/RcCjn53fZnD/f6yYEIZ8pu18+GnbNQ=="],

    "cssnano-preset-default": ["cssnano-preset-default@7.0.17", "", { "dependencies": { "browserslist": "^4.28.2", "css-declaration-sorter": "^7.2.0", "cssnano-utils": "^5.0.3", "postcss-calc": "^10.1.1", "postcss-colormin": "^7.0.10", "postcss-convert-values": "^7.0.12", "postcss-discard-comments": "^7.0.8", "postcss-discard-duplicates": "^7.0.4", "postcss-discard-empty": "^7.0.3", "postcss-discard-overridden": "^7.0.3", "postcss-merge-longhand": "^7.0.7", "postcss-merge-rules": "^7.0.11", "postcss-minify-font-values": "^7.0.3", "postcss-minify-gradients": "^7.0.5", "postcss-minify-params": "^7.0.9", "postcss-minify-selectors": "^7.1.2", "postcss-normalize-charset": "^7.0.3", "postcss-normalize-display-values": "^7.0.3", "postcss-normalize-positions": "^7.0.4", "postcss-normalize-repeat-style": "^7.0.4", "postcss-normalize-string": "^7.0.3", "postcss-normalize-timing-functions": "^7.0.3", "postcss-normalize-unicode": "^7.0.9", "postcss-normalize-url": "^7.0.3", "postcss-normalize-whitespace": "^7.0.3", "postcss-ordered-values": "^7.0.4", "postcss-reduce-initial": "^7.0.9", "postcss-reduce-transforms": "^7.0.3", "postcss-svgo": "^7.1.3", "postcss-unique-selectors": "^7.0.7" }, "peerDependencies": { "postcss": "^8.5.13" } }, "sha512-11qO63A+czwguQFJCaTdICvbaxn0pJzz/XghLlv+OT7WyToDxAMR0Xb3/26/l0y0hQJywwNbj/SLSQlGBHE1OA=="],

    "cssnano-utils": ["cssnano-utils@5.0.3", "", { "peerDependencies": { "postcss": "^8.5.13" } }, "sha512-ynIREMICLxkxm7e9bCR9sh75s4Q5drICi0ua1yxo5jH2XPBqSKkl4dOh4EbFqtUmnTMhRffHgYL0EKKkMjtJTg=="],

    "csso": ["csso@5.0.5", "", { "dependencies": { "css-tree": "~2.2.0" } }, "sha512-0LrrStPOdJj+SPCCrGhzryycLjwcgUSHBtxNA8aIDxf0GLsRh1cKYhB00Gd1lDOS4yGH69+SNn13+TWbVHETFQ=="],

    "dom-serializer": ["dom-serializer@2.0.0", "", { "dependencies": { "domelementtype": "^2.3.0", "domhandler": "^5.0.2", "entities": "^4.2.0" } }, "sha512-wIkAryiqt/nV5EQKqQpo3SToSOV9J0DnbJqwK7Wv/Trc92zIAYZ4FlMu+JPFW1DfGFt81ZTCGgDEabffXeLyJg=="],

    "domelementtype": ["domelementtype@2.3.0", "", {}, "sha512-OLETBj6w0OsagBwdXnPdN0cnMfF9opN69co+7ZrbfPGrdpPVNBUj02spi6B1N7wChLQiPn4CSH/zJvXw56gmHw=="],

    "domhandler": ["domhandler@5.0.3", "", { "dependencies": { "domelementtype": "^2.3.0" } }, "sha512-cgwlv/1iFQiFnU96XXgROh8xTeetsnJiDsTc7TYCLFd9+/WNkIqPTxiM/8pSd8VIrhXGTf1Ny1q1hquVqDJB5w=="],

    "domutils": ["domutils@3.2.2", "", { "dependencies": { "dom-serializer": "^2.0.0", "domelementtype": "^2.3.0", "domhandler": "^5.0.3" } }, "sha512-6kZKyUajlDuqlHKVX1w7gyslj9MPIXzIFiz/rGu35uC1wMi+kMhQwGhl4lt9unC9Vb9INnY9Z3/ZA3+FhASLaw=="],

    "dot-case": ["dot-case@3.0.4", "", { "dependencies": { "no-case": "^3.0.4", "tslib": "^2.0.3" } }, "sha512-Kv5nKlh6yRrdrGvxeJ2e5y2eRUpkUosIW4A2AS38zwSz27zu7ufDwQPi5Jhs3XAlGNetl3bmnGhQsMtkKJnj3w=="],

    "electron-to-chromium": ["electron-to-chromium@1.5.439", "", {}, "sha512-qu6QIPXhsb+CRcAiTMNjR4A1y/7tCYKkKjr5CZXRVih6qkDf79peZ2BpEU3qoDBNCRrcy3Mra3X9nG5oruuA7Q=="],

    "entities": ["entities@4.5.0", "", {}, "sha512-V0hjH4dGPh9Ao5p0MoRY6BVqtwCjhz6vI5LT8AJ55H+4g9/4vbHx1I54fS0XuclLhDHArPQCiMjDxjaL8fPxhw=="],

    "escalade": ["escalade@3.2.0", "", {}, "sha512-WUj2qlxaQtO4g6Pq5c29GTcWGDyd8itL8zTlipgECz3JesAiiOKotd8JU6otB3PACgG6xkJUyVhboMS+bje/jA=="],

    "html-minifier-terser": ["html-minifier-terser@7.2.0", "", { "dependencies": { "camel-case": "^4.1.2", "clean-css": "~5.3.2", "commander": "^10.0.0", "entities": "^4.4.0", "param-case": "^3.0.4", "relateurl": "^0.2.7", "terser": "^5.15.1" }, "bin": { "html-minifier-terser": "cli.js" } }, "sha512-tXgn3QfqPIpGl9o+K5tpcj3/MN4SfLtsx2GWwBC3SSd0tXQGyF3gsSqad8loJgKZGM3ZxbYDd5yhiBIdWpmvLA=="],

    "lilconfig": ["lilconfig@3.1.3", "", {}, "sha512-/vlFKAoH5Cgt3Ie+JLhRbwOsCQePABiU3tJ1egGvyQ+33R/vcwM2Zl2QR/LzjsBeItPt3oSVXapn+m4nQDvpzw=="],

    "lodash.memoize": ["lodash.memoize@4.1.2", "", {}, "sha512-t7j+NzmgnQzTAYXcsHYLgimltOV1MXHtlOWf6GjL9Kj8GK5FInw5JotxvbOs+IvV1/Dzo04/fCGfLVs7aXb4Ag=="],

    "lodash.uniq": ["lodash.uniq@4.5.0", "", {}, "sha512-xfBaXQd9ryd9dlSDvnvI0lvxfLJlYAZzXomUYzLKtUeOQvOP5piqAWuGtrhWeqaXK9hhoM/iyJc5AV+XfsX3HQ=="],

    "lower-case": ["lower-case@2.0.2", "", { "dependencies": { "tslib": "^2.0.3" } }, "sha512-7fm3l3NAF9WfN6W3JOmf5drwpVqX78JtoGJ3A6W0a6ZnldM41w2fV5D490psKFTpMds8TJse/eHLFFsNHHjHgg=="],

    "mdn-data": ["mdn-data@2.12.2", "", {}, "sha512-IEn+pegP1aManZuckezWCO+XZQDplx1366JoVhTpMpBB1sPey/SbveZQUosKiKiGYjg1wH4pMlNgXbCiYgihQA=="],

    "nanoid": ["nanoid@3.3.19", "", { "bin": { "nanoid": "bin/nanoid.cjs" } }, "sha512-Y2tUNy4ouw6tq5oDSKeQYGOyhkUBhNOcGV/02KC+6kd9eDGqdZd++mjMiIDilrBYvjEnCYvVtsuHCuP+okSfug=="],

    "no-case": ["no-case@3.0.4", "", { "dependencies": { "lower-case": "^2.0.2", "tslib": "^2.0.3" } }, "sha512-fgAN3jGAh+RoxUGZHTSOLJIqUc2wmoBwGR4tbpNAKmmovFoWq0OdRkb0VkldReO2a2iBT/OEulG9XSUc10r3zg=="],

    "node-releases": ["node-releases@2.0.57", "", {}, "sha512-kQK9LGGFiHtrWiNhZtA7Qbw17AQz+dmsEKODRIVTXA9+e5MS/2gZEBhYJt13GrAz5/IOZKddH/0Z3TP/Zgo+yw=="],

    "nth-check": ["nth-check@2.1.1", "", { "dependencies": { "boolbase": "^1.0.0" } }, "sha512-lqjrjmaOoAnWfMmBPL+XNnynZh2+swxiX3WUE0s4yEHI6m+AwrK2UZOimIRl3X/4QctVqS8AiZjFqyOGrMXb/w=="],

    "param-case": ["param-case@3.0.4", "", { "dependencies": { "dot-case": "^3.0.4", "tslib": "^2.0.3" } }, "sha512-RXlj7zCYokReqWpOPH9oYivUzLYZ5vAPIfEmCTNViosC78F8F0H9y7T7gG2M39ymgutxF5gcFEsyZQSph9Bp3A=="],

    "pascal-case": ["pascal-case@3.1.2", "", { "dependencies": { "no-case": "^3.0.4", "tslib": "^2.0.3" } }, "sha512-uWlGT3YSnK9x3BQJaOdcZwrnV6hPpd8jFH1/ucpiLRPh/2zCVJKS19E4GvYHvaCcACn3foXZ0cLB9Wrx1KGe5g=="],

    "picocolors": ["picocolors@1.1.1", "", {}, "sha512-xceH2snhtb5M9liqDsmEw56le376mTZkEX/jEb/RxNFyegNul7eNslCXP9FDj/Lcu0X8KEyMceP2ntpaHrDEVA=="],

    "postcss": ["postcss@8.5.28", "", { "dependencies": { "nanoid": "^3.3.18", "picocolors": "^1.1.1", "source-map-js": "^1.2.1" } }, "sha512-RRuzqDtt5Y9h3quz5hWhK+TPnsmVs6WwSU6LkJMeY4HstUEDuYTG8UJSdawMRzmzAtV+KEoG8N3Qg2qLy5vM/A=="],

    "postcss-calc": ["postcss-calc@10.1.1", "", { "dependencies": { "postcss-selector-parser": "^7.0.0", "postcss-value-parser": "^4.2.0" }, "peerDependencies": { "postcss": "^8.4.38" } }, "sha512-NYEsLHh8DgG/PRH2+G9BTuUdtf9ViS+vdoQ0YA5OQdGsfN4ztiwtDWNtBl9EKeqNMFnIu8IKZ0cLxEQ5r5KVMw=="],

    "postcss-colormin": ["postcss-colormin@7.0.10", "", { "dependencies": { "@colordx/core": "^5.4.3", "browserslist": "^4.28.2", "caniuse-api": "^3.0.0", "postcss-value-parser": "^4.2.0" }, "peerDependencies": { "postcss": "^8.5.13" } }, "sha512-yFr6JezOolHLta/buLE71VKPh2mXursp4saVe98/ol8ZnEWhL+racShqPKlvd/DKWLre/39B6HhcMXf7RZ3hxg=="],

    "postcss-convert-values": ["postcss-convert-values@7.0.12", "", { "dependencies": { "browserslist": "^4.28.2", "postcss-value-parser": "^4.2.0" }, "peerDependencies": { "postcss": "^8.5.13" } }, "sha512-xurKu5qqk4viR3Cp3p4xBR4KfnZm4w4ys6+UBwBmeuBSNkH7+DtLnYOYnOffgtE4yx8sH9S1VZ6RAAvROXzP2Q=="],

    "postcss-discard-comments": ["postcss-discard-comments@7.0.8", "", { "dependencies": { "postcss-selector-parser": "^7.1.1" }, "peerDependencies": { "postcss": "^8.5.13" } }, "sha512-CvvS5S9WrXblFXCEJ9nVo+4z+eA7zSC7Z88V1HEJuwlQhlFnYTIjg1xJY+BCUiG2bvICap2tXii4mP22BD108Q=="],

    "postcss-discard-duplicates": ["postcss-discard-duplicates@7.0.4", "", { "peerDependencies": { "postcss": "^8.5.13" } }, "sha512-VBNn1+EuMZkeGVVtz0gRfbNGtx9IFgAsAV+E2pHtXPrp4qfGBkhTIiAuE/wrb+Y6Pakg9NewAlfTpYIFAWODtw=="],

    "postcss-discard-empty": ["postcss-discard-empty@7.0.3", "", { "peerDependencies": { "postcss": "^8.5.13" } }, "sha512-M2pyjQCU+/7cMHVtL6bKTHjv0lZnPLMpicgr67Dlth7AbuV9gjVTtUqaRwn6Pp6BwSDspUzhz8SaUrRykJU5Dw=="],

    "postcss-discard-overridden": ["postcss-discard-overridden@7.0.3", "", { "peerDependencies": { "postcss": "^8.5.13" } }, "sha512-aNovXo9UsZuRNLzHJtp13lHIvinDPfiXBPePpXkSjCbgp++iU2FqE+YxvjIsg6EdyPZsASFbfu+JcBFVsErXIQ=="],

    "postcss-merge-longhand": ["postcss-merge-longhand@7.0.7", "", { "dependencies": { "postcss-value-parser": "^4.2.0", "stylehacks": "^7.0.11" }, "peerDependencies": { "postcss": "^8.5.13" } }, "sha512-b3mfYUxR388u5Pt0HPcVIUtUDn/k15UfTY9M+ORW+meCR6JLNxoZffiYvXyOYQoRYQNZyX/UFkMCM/mNHxe1qA=="],

    "postcss-merge-rules": ["postcss-merge-rules@7.0.11", "", { "dependencies": { "browserslist": "^4.28.2", "caniuse-api": "^3.0.0", "cssnano-utils": "^5.0.3", "postcss-selector-parser": "^7.1.1" }, "peerDependencies": { "postcss": "^8.5.13" } }, "sha512-SJUPM18g2BmPhf8BVlbwqWz4aK3pLu6u6xjfwEzra7xL6IBR10sUaiB++EzqcVfadPHrKBSMlNdP+XieykhI+Q=="],

    "postcss-minify-font-values": ["postcss-minify-font-values@7.0.3", "", { "dependencies": { "postcss-value-parser": "^4.2.0" }, "peerDependencies": { "postcss": "^8.5.13" } }, "sha512-yilG/VOaNI74IylQvAQQxm3/wZVBkXyYUqNUAdxqwtbWUXPsbK1q8Ms0mL83v+f8YicgcyfYCRZtWACUdYajpA=="],

    "postcss-minify-gradients": ["postcss-minify-gradients@7.0.5", "", { "dependencies": { "@colordx/core": "^5.4.3", "cssnano-utils": "^5.0.3", "postcss-value-parser": "^4.2.0" }, "peerDependencies": { "postcss": "^8.5.13" } }, "sha512-YraROyQRg3BI1+Hg8E05B/JPdnTm8EDSVu4P2BxdM+CRiOyfmou809+chGIqo6fQqwjPGQ947nbGncSjmTU1WQ=="],

    "postcss-minify-params": ["postcss-minify-params@7.0.9", "", { "dependencies": { "browserslist": "^4.28.2", "cssnano-utils": "^5.0.3", "postcss-value-parser": "^4.2.0" }, "peerDependencies": { "postcss": "^8.5.13" } }, "sha512-R8itbB8BhlpoYyBm1ou0dD+vJnQ3F6adQipR4UnkCHUwlo+S9WXJaDRg1RHjC8YVAtIdrQzSWvJl40HnGDTKjA=="],

    "postcss-minify-selectors": ["postcss-minify-selectors@7.1.2", "", { "dependencies": { "browserslist": "^4.28.1", "caniuse-api": "^3.0.0", "cssesc": "^3.0.0", "postcss-selector-parser": "^7.1.1" }, "peerDependencies": { "postcss": "^8.5.13" } }, "sha512-aQtrEWKwqafNlExcKHQvPGsXR2+vlUqqJtf5XsCQcgsSb5PL4wlujWBYDJuWsP4UnQX1YHDHU8qRlD+1PzTQ+Q=="],

    "postcss-normalize-charset": ["postcss-normalize-charset@7.0.3", "", { "peerDependencies": { "postcss": "^8.5.13" } }, "sha512-NoBfZu8PR4c2NlmjvrqQTzCzLY79hwcSRgNQ3ZiNK0ABzf9kYKloE/jNj+/8GQY1wsm8pRRgANk6ydLH8cwo0Q=="],

    "postcss-normalize-display-values": ["postcss-normalize-display-values@7.0.3", "", { "dependencies": { "postcss-value-parser": "^4.2.0" }, "peerDependencies": { "postcss": "^8.5.13" } }, "sha512-ldsCX0QIt05pKIOobZtVQ48wXJecr+czw4+e1/YjVhLMqslShgpVxgPtI2CefURR8oyVoYaU/l829MMwExDMLw=="],

    "postcss-normalize-positions": ["postcss-normalize-positions@7.0.4", "", { "dependencies": { "postcss-value-parser": "^4.2.0" }, "peerDependencies": { "postcss": "^8.5.13" } }, "sha512-VEvlpeGd3Ju1Hqa/oN4jaP3+ms4laYwkEL9N9u+B6k54PZjXbW1n6wI+aVprf1BQXlCYpS5+1pl/7/vHiKgARg=="],

    "postcss-normalize-repeat-style": ["postcss-normalize-repeat-style@7.0.4", "", { "dependencies": { "postcss-value-parser": "^4.2.0" }, "peerDependencies": { "postcss": "^8.5.13" } }, "sha512-6mPKlY/8cSaDHxX502wERADarJsccwlky6yIrOapHH2ZgfoKAV94SbiTKfKEs4EEpdazuc3J72WsqeYk7hp9+Q=="],

    "postcss-normalize-string": ["postcss-normalize-string@7.0.3", "", { "dependencies": { "postcss-value-parser": "^4.2.0" }, "peerDependencies": { "postcss": "^8.5.13" } }, "sha512-HnEQPUchi1eznmDKEYrKUTqrprEq97SrpUYClgUkv7V2zRODD9DFoUsYU+m9ZOetmD5ku7fEMZB/lwy8IT6xVQ=="],

    "postcss-normalize-timing-functions": ["postcss-normalize-timing-functions@7.0.3", "", { "dependencies": { "postcss-value-parser": "^4.2.0" }, "peerDependencies": { "postcss": "^8.5.13" } }, "sha512-zmEzHdvpZBZu0OKlbJSfgASQvaayyAoVuWtvyr34IJ/LyS+DaOKvvR3EvFJ9RWWtNIx+CMvO125OVophaxNYew=="],

    "postcss-normalize-unicode": ["postcss-normalize-unicode@7.0.9", "", { "dependencies": { "browserslist": "^4.28.2", "postcss-value-parser": "^4.2.0" }, "peerDependencies": { "postcss": "^8.5.13" } }, "sha512-DRAdWfeh/TjmhLJsw91vdiWCnUod9iwvM7xyS02/nF/sLsCR3A8l3pztrSUrWG8DSBqfX7yEk9FM0USaVJ2mSg=="],

    "postcss-normalize-url": ["postcss-normalize-url@7.0.3", "", { "dependencies": { "postcss-value-parser": "^4.2.0" }, "peerDependencies": { "postcss": "^8.5.13" } }, "sha512-CL93wmloq5qsffmFv+bw24MIRbmhHrp53qoh1LDAb/5TtjWEXI/np4xcP/Gw9oWCb2XyWnqHYLDUwiKRoJBA1Q=="],

    "postcss-normalize-whitespace": ["postcss-normalize-whitespace@7.0.3", "", { "dependencies": { "postcss-value-parser": "^4.2.0" }, "peerDependencies": { "postcss": "^8.5.13" } }, "sha512-FdHjjn+Ht5Z2ZRjNOmeCbNq6lq09sUYKpmlF/Aq0XjVNSLTL6fmHlA/3swN2wP2caY9GV/tjSDcIIyS7aN7W0A=="],

    "postcss-ordered-values": ["postcss-ordered-values@7.0.4", "", { "dependencies": { "cssnano-utils": "^5.0.3", "postcss-value-parser": "^4.2.0" }, "peerDependencies": { "postcss": "^8.5.13" } }, "sha512-nubSi49hDHQk4E8KIj+IbLY8Bg+8OcSUEhgyolgM+atnOvXjV7EjaR6bac4YGZoFyPa9mWoAF3EaYbWdFkKqVg=="],

    "postcss-reduce-initial": ["postcss-reduce-initial@7.0.9", "", { "dependencies": { "browserslist": "^4.28.2", "caniuse-api": "^3.0.0" }, "peerDependencies": { "postcss": "^8.5.13" } }, "sha512-ztTNPdIxXTxtBcG03E9u8v44M4ElXbMIRT7pf2onlquGula0Y83nKKxqM22FA/hMgkfCjN7ohevkVlaNwI8iOQ=="],

    "postcss-reduce-transforms": ["postcss-reduce-transforms@7.0.3", "", { "dependencies": { "postcss-value-parser": "^4.2.0" }, "peerDependencies": { "postcss": "^8.5.13" } }, "sha512-FXsnN9ZwcZTT8Yf8cAHA8qIGUXcX6WfLd9JoYhrdDfmvsVhhfqkkv7m4AC3rwFOfz+GzkUa87OCKF9dUcicd+g=="],

    "postcss-selector-parser": ["postcss-selector-parser@7.1.6", "", { "dependencies": { "cssesc": "^3.0.0", "util-deprecate": "^1.0.2" } }, "sha512-7qASPzhKF2l2KLboRZux8CCTRMdGiV08vWmyKzPz22qZ7ZjQBOeY7rNzNoCLSUiftJ7HUq0GERHmxw/t0dCdMw=="],

    "postcss-svgo": ["postcss-svgo@7.1.3", "", { "dependencies": { "postcss-value-parser": "^4.2.0", "svgo": "^4.0.1" }, "peerDependencies": { "postcss": "^8.5.13" } }, "sha512-2QfoFOYMcj8lwcVEf9WeTlkVIAm7u2QvOEhMzkQU3KUhhGX/l8hVV9EtjMv4iq3E9iI3OeeMN0YoMLbGusuigw=="],

    "postcss-unique-selectors": ["postcss-unique-selectors@7.0.7", "", { "dependencies": { "postcss-selector-parser": "^7.1.1" }, "peerDependencies": { "postcss": "^8.5.13" } }, "sha512-d+sCkaRnSefghOUdH8CMJZV9yUQhj2ojpe8Nw/lA+LV1UOfeleGkLTl6XdCFFSai9UJ+DJPb69FFuqthXYsY8w=="],

    "postcss-value-parser": ["postcss-value-parser@4.2.0", "", {}, "sha512-1NNCs6uurfkVbeXG4S8JFT9t19m45ICnif8zWLd5oPSZ50QnwMfK+H3jv408d4jw/7Bttv5axS5IiHoLaVNHeQ=="],

    "relateurl": ["relateurl@0.2.7", "", {}, "sha512-G08Dxvm4iDN3MLM0EsP62EDV9IuhXPR6blNz6Utcp7zyV3tr4HVNINt6MpaRWbxoOHT3Q7YN2P+jaHX8vUbgog=="],

    "sax": ["sax@1.6.1", "", {}, "sha512-42tBVwLWnaQvW5zc4HbZrTuWccECCZfBi92FDuwtqxasH+JbPB3/FOKb1m222K42R4WxuxzzMsTswfzgtSu64Q=="],

    "source-map": ["source-map@0.6.1", "", {}, "sha512-UjgapumWlbMhkBgzT7Ykc5YXUT46F0iKu8SGXq0bcwP5dz/h0Plj6enJqjz1Zbq2l5WaqYnrVbwWOWMyF3F47g=="],

    "source-map-js": ["source-map-js@1.2.1", "", {}, "sha512-UXWMKhLOwVKb728IUtQPXxfYU+usdybtUrK/8uGE8CQMvrhOpwvzDBwj0QhSL7MQc7vIsISBG8VQ8+IDQxpfQA=="],

    "source-map-support": ["source-map-support@0.5.21", "", { "dependencies": { "buffer-from": "^1.0.0", "source-map": "^0.6.0" } }, "sha512-uBHU3L3czsIyYXKX88fdrGovxdSCoTGDRZ6SYXtSRxLZUzHg5P/66Ht6uoUlHu9EZod+inXhKo3qQgwXUT/y1w=="],

    "stylehacks": ["stylehacks@7.0.11", "", { "dependencies": { "browserslist": "^4.28.2", "postcss-selector-parser": "^7.1.1" }, "peerDependencies": { "postcss": "^8.5.13" } }, "sha512-iODNfhXVLqc5LADs+Y6Oh5wJuK5ZcHbVng8aiK3y9pjMQdc5hLrBW0eFU6FtnpNrE6PoEg/MmFTU4waotj5WNg=="],

    "svgo": ["svgo@4.1.0", "", { "dependencies": { "commander": "^11.1.0", "css-select": "^6.0.0", "css-tree": "^3.0.1", "css-what": "^7.0.0", "csso": "^5.0.5", "picocolors": "^1.1.1", "sax": "1.6.1" }, "bin": { "svgo": "bin/svgo.js" } }, "sha512-bkxnTg1kSU0guhIBmibA6UUhrQmPVA1XsQLN+ylCd+UWzbnLkySOcXpyk1mrl05f+pcaCx2eHb+sp6BgMZWX+Q=="],

    "terser": ["terser@5.51.2", "", { "dependencies": { "@jridgewell/source-map": "^0.3.3", "acorn": "^8.15.0", "commander": "^2.20.0", "source-map-support": "~0.5.20" }, "bin": { "terser": "bin/terser" } }, "sha512-bWnjSNscmuI+GJze6ZupnHP8G/cTcsJF+bXCeQknk2SHQsgbNJnLrqiH9jZ2W4STPVXH2mDKKRX3iwPhc9Cn/Q=="],

    "tslib": ["tslib@2.8.1", "", {}, "sha512-oJFu94HQb+KVduSUQL7wnpmqnfmLsOA/nAh6b6EH0wCEoK0/mPeXU6c3wKDV83MkOuHPRHtSXKKU99IBazS/2w=="],

    "update-browserslist-db": ["update-browserslist-db@1.3.3", "", { "dependencies": { "escalade": "^3.2.0", "picocolors": "^1.1.1" }, "peerDependencies": { "browserslist": ">= 4.21.0" }, "bin": { "update-browserslist-db": "cli.js" } }, "sha512-pJ2sYawQS0R/WI928Gj5GlPhTGzbMelq0+4INtSYNDV9ErKJcX6xjGWkoG/VnB3dpUm00zALaqkrUD77pO5TDQ=="],

    "util-deprecate": ["util-deprecate@1.0.2", "", {}, "sha512-EPD5q1uXyFxJpCrLnCc1nHnq3gOa6DZBocAIiI2TaSCA7VCJ1UJDMagCzIkXNsUYfD1daK//LTEQ8xiIbrHtcw=="],

    "csso/css-tree": ["css-tree@2.2.1", "", { "dependencies": { "mdn-data": "2.0.28", "source-map-js": "^1.0.1" } }, "sha512-OA0mILzGc1kCOCSJerOeqDxDQ4HOh+G8NbOJFOTgOCzpw7fCBubk0fEyxp8AgOL/jvLgYA/uV0cMbe43ElF1JA=="],

    "html-minifier-terser/terser": ["terser@5.44.0", "", { "dependencies": { "@jridgewell/source-map": "^0.3.3", "acorn": "^8.15.0", "commander": "^2.20.0", "source-map-support": "~0.5.20" }, "bin": { "terser": "bin/terser" } }, "sha512-nIVck8DK+GM/0Frwd+nIhZ84pR/BX7rmXMfYwyg+Sri5oGVE99/E3KvXqpC2xHFxyqXyGHTKBSioxxplrO4I4w=="],

    "svgo/commander": ["commander@11.1.0", "", {}, "sha512-yPVavfyCcRhmorC7rWlkHn15b4wDVgVmBA7kV4QVBsF7kv/9TKJAbAXVTxvTnwP8HHKjRCJDClKbciiYS7p0DQ=="],

    "terser/commander": ["commander@2.20.3", "", {}, "sha512-GpVkmM8vF2vQUkj2LvZmD35JxeJOLCwJ9cUkugyk2nuhbv3+mJvpLYYt+0+USMxE+oj+ey/lJEnhZw75x/OMcQ=="],

    "csso/css-tree/mdn-data": ["mdn-data@2.0.28", "", {}, "sha512-aylIc7Z9y4yzHYAJNuESG3hfhC+0Ibp/MAMiaOZgNv4pmEdFyfZhhhny4MNiAfWdBQ1RQ2mfDWmM1x8SvGyp8g=="],

    "html-minifier-terser/terser/commander": ["commander@2.20.3", "", {}, "sha512-GpVkmM8vF2vQUkj2LvZmD35JxeJOLCwJ9cUkugyk2nuhbv3+mJvpLYYt+0+USMxE+oj+ey/lJEnhZw75x/OMcQ=="],
  }
}
