{
  "lockfileVersion": 1,
  "configVersion": 0,
  "workspaces": {
    "": {
      "name": "jayptl-portfolio",
      "devDependencies": {
        "cssnano": "^9",
        "happy-dom": "^20.14.5",
        "html-minifier-terser": "^7.2.0",
        "postcss": "^8.5.28",
        "terser": "^5.51.2",
      },
    },
  },
  "packages": {
    "@colordx/core": ["@colordx/core@7.3.0", "", {}, "sha512-LVzTTPhX7wpy7TkGjouA9zbbCBIw92RGm7ZQqSKFE0oYE3sMx2FGXz90eVpgw7k/+wrrY+qJ86nHXifZWMS5jA=="],

    "@csstools/css-tokenizer": ["@csstools/css-tokenizer@4.0.2", "", {}, "sha512-OoKoR0f76dCY666JlcbhmVTs2drYj1GUXZTYTcbUgJjh9Nv41aFfZ21bPQTERm5+L5cBDo466NltB2lplS5GBw=="],

    "@jridgewell/gen-mapping": ["@jridgewell/gen-mapping@0.3.13", "", { "dependencies": { "@jridgewell/sourcemap-codec": "^1.5.0", "@jridgewell/trace-mapping": "^0.3.24" } }, "sha512-2kkt/7niJ6MgEPxF0bYdQ6etZaA+fQvDcLKckhy1yIQOzaoKjBBjSj63/aLVjYE3qhRt5dvM+uUyfCg6UKCBbA=="],

    "@jridgewell/resolve-uri": ["@jridgewell/resolve-uri@3.1.2", "", {}, "sha512-bRISgCIjP20/tbWSPWMEi54QVPRZExkuD9lJL+UIxUKtwVJA8wW1Trb1jMs1RFXo1CBTNZ/5hpC9QvmKWdopKw=="],

    "@jridgewell/source-map": ["@jridgewell/source-map@0.3.11", "", { "dependencies": { "@jridgewell/gen-mapping": "^0.3.5", "@jridgewell/trace-mapping": "^0.3.25" } }, "sha512-ZMp1V8ZFcPG5dIWnQLr3NSI1MiCU7UETdS/A0G8V/XWHvJv3ZsFqutJn1Y5RPmAPX6F3BiE397OqveU/9NCuIA=="],

    "@jridgewell/sourcemap-codec": ["@jridgewell/sourcemap-codec@1.5.5", "", {}, "sha512-cYQ9310grqxueWbl+WuIUIaiUaDcj7WOq5fVhEljNVgRfOUhY9fy2zTvfoqWsnebh8Sl70VScFbICvJnLKB0Og=="],

    "@jridgewell/trace-mapping": ["@jridgewell/trace-mapping@0.3.31", "", { "dependencies": { "@jridgewell/resolve-uri": "^3.1.0", "@jridgewell/sourcemap-codec": "^1.4.14" } }, "sha512-zzNR+SdQSDJzc8joaeP8QQoCQr8NuYx2dIIytl1QeBEZHJ9uW6hebsrYgbz8hJwUQao3TWCMtmfV8Nu1twOLAw=="],

    "@types/node": ["@types/node@26.6.2", "", { "dependencies": { "undici-types": "~8.9.0" } }, "sha512-X1P21scMv4zGKLYqjdGjaKa7COa0RKVYYZZN/NfvLQ1JegxFhdhpZG/Lyn8AXx6CDUavKAd11v6BvfpkDByK8g=="],

    "@types/whatwg-mimetype": ["@types/whatwg-mimetype@3.0.2", "", {}, "sha512-c2AKvDT8ToxLIOUlN51gTiHXflsfIFisS4pO7pDPoKouJCESkhZnEy623gwP9laCy5lnLDAw1vAzu2vM2YLOrA=="],

    "@types/ws": ["@types/ws@8.18.1", "", { "dependencies": { "@types/node": "*" } }, "sha512-ThVF6DCVhA8kUGy+aazFQ4kXQ7E1Ty7A3ypFOe0IcJV8O/M511G99AW24irKrW56Wt44yG9+ij8FaqoBGkuBXg=="],

    "acorn": ["acorn@8.15.0", "", { "bin": { "acorn": "bin/acorn" } }, "sha512-NZyJarBfL7nWwIq+FDL6Zp/yHEhePMNnnJ0y3qfieCrmNvYct8uvtiV41UvlSe6apAfk0fY1FbWx+NwfmpvtTg=="],

    "baseline-browser-mapping": ["baseline-browser-mapping@2.11.26", "", { "bin": { "baseline-browser-mapping": "dist/cli.cjs" } }, "sha512-GLQdD3y6UF8iVuMJl5fHgE4jdn/ua7n+toKfLgNlg3BqQtOZjpy68T8Tup8/wGWZCDlm7KMg7tPb4MPn7oN0TQ=="],

    "boolbase": ["boolbase@1.0.0", "", {}, "sha512-JZOSA7Mo9sNGB8+UjSgzdLtokWAky1zbztM3WRLCbZ70/3cTANmQmOdR7y2g+J0e2WXywy1yS468tY+IruqEww=="],

    "browserslist": ["browserslist@4.29.3", "", { "dependencies": { "baseline-browser-mapping": "^2.11.26", "caniuse-lite": "^1.0.30001813", "electron-to-chromium": "^1.5.439", "node-releases": "^2.0.57", "update-browserslist-db": "^1.3.3" }, "bin": { "browserslist": "cli.js" } }, "sha512-1R4kiYKXGViqEN0CnoDrXc1StD9niAwu+j2dukWzrD4bJgsD4lDmEp0CRbc6E/vYJIfTHwPmwyaKtVSudICdPA=="],

    "buffer-from": ["buffer-from@1.1.2", "", {}, "sha512-E+XQCRwSbaaiChtv6k6Dwgc+bx+Bs6vuKJHHl5kox/BaKbhiXzqQOwK4cO22yElGp2OCmjwVhT3HmxgyPGnJfQ=="],

    "buffer-image-size": ["buffer-image-size@0.6.4", "", { "dependencies": { "@types/node": "*" } }, "sha512-nEh+kZOPY1w+gcCMobZ6ETUp9WfibndnosbpwB1iJk/8Gt5ZF2bhS6+B6bPYz424KtwsR6Rflc3tCz1/ghX2dQ=="],

    "camel-case": ["camel-case@4.1.2", "", { "dependencies": { "pascal-case": "^3.1.2", "tslib": "^2.0.3" } }, "sha512-gxGWBrTT1JuMx6R+o5PTXMmUnhnVzLQ9SNutD4YqKtI6ap897t3tKECYla6gCWEkplXnlNybEkZg9GEGxKFCgw=="],

    "caniuse-api": ["caniuse-api@4.0.0", "", { "dependencies": { "browserslist": "^4.0.0", "caniuse-lite": "^1.0.0" } }, "sha512-B0hQ1OLyJuHTQSOWXvwibWqM6DCoqJdvBA6X1S/53bd4XU7LJ1yurIPlrsouol3mw1jh9pGI4ivubSpmJeIqCA=="],

    "caniuse-lite": ["caniuse-lite@1.0.30001815", "", {}, "sha512-uDybUEyfgbyJJ93J1vikTylBX31AkdVYeVPeffMQpf8XN7hSfr0oZOn4VFOIMNvtU5+rHvC5Udg2TgtJKHm23Q=="],

    "clean-css": ["clean-css@5.3.3", "", { "dependencies": { "source-map": "~0.6.0" } }, "sha512-D5J+kHaVb/wKSFcyyV75uCn8fiY4sV38XJoe4CUyGQ+mOU/fMVYUdH1hJC+CJQ5uY3EnW27SbJYS4X8BiLrAFg=="],

    "commander": ["commander@10.0.1", "", {}, "sha512-y4Mg2tXshplEbSGzx7amzPwKKOCGuoSRP/CjEdwwk0FOGlUbq6lKuoyDZTNZkmxHdJtp54hdfY/JUrdL7Xfdug=="],

    "css-select": ["css-select@6.0.0", "", { "dependencies": { "boolbase": "^1.0.0", "css-what": "^7.0.0", "domhandler": "^5.0.3", "domutils": "^3.2.2", "nth-check": "^2.1.1" } }, "sha512-rZZVSLle8v0+EY8QAkDWrKhpgt6SA5OtHsgBnsj6ZaLb5dmDVOWUDtQitd9ydxxvEjhewNudS6eTVU7uOyzvXw=="],

    "css-tree": ["css-tree@3.1.0", "", { "dependencies": { "mdn-data": "2.12.2", "source-map-js": "^1.0.1" } }, "sha512-0eW44TGN5SQXU1mWSkKwFstI/22X2bG1nYzZTYMAWjylYURhse752YgbE4Cx46AC+bAvI+/dYTPRk1LqSUnu6w=="],

    "css-what": ["css-what@7.0.0", "", {}, "sha512-wD5oz5xibMOPHzy13CyGmogB3phdvcDaB5t0W/Nr5Z2O/agcB8YwOz6e2Lsp10pNDzBoDO9nVa3RGs/2BttpHQ=="],

    "cssesc": ["cssesc@3.0.0", "", { "bin": { "cssesc": "bin/cssesc" } }, "sha512-/Tb/JcjK111nNScGob5MNtsntNM1aCNUDipB/TkwZFhyDrrE47SOx/18wF2bbjgc3ZzCSKW1T5nt5EbFoAz/Vg=="],

    "cssnano": ["cssnano@9.2.2", "", { "dependencies": { "cssnano-preset-default": "^9.2.2" }, "peerDependencies": { "postcss": "^8.5.28" } }, "sha512-TG/gH1G/wCXM//IVBG5pKJznF1KdtW2OoqojenaSLqL0tSfDP7D8qckbPj59iaFMn7THtYVh2HY7yY/5FGaClw=="],

    "cssnano-preset-default": ["cssnano-preset-default@9.3.2", "", { "dependencies": { "browserslist": "^4.29.3", "cssnano-utils": "^8.2.0", "postcss-calc": "^11.2.2", "postcss-colormin": "^9.0.6", "postcss-convert-values": "^9.0.7", "postcss-discard-comments": "^9.0.6", "postcss-discard-duplicates": "^9.0.5", "postcss-discard-empty": "^9.0.6", "postcss-discard-overridden": "^9.0.5", "postcss-merge-longhand": "^9.2.1", "postcss-merge-rules": "^9.1.2", "postcss-minify-font-values": "^9.0.7", "postcss-minify-gradients": "^9.0.6", "postcss-minify-params": "^9.0.6", "postcss-minify-selectors": "^9.0.6", "postcss-normalize-charset": "^9.0.5", "postcss-normalize-display-values": "^9.0.5", "postcss-normalize-positions": "^9.0.6", "postcss-normalize-repeat-style": "^9.0.5", "postcss-normalize-string": "^9.0.5", "postcss-normalize-timing-functions": "^9.0.5", "postcss-normalize-unicode": "^9.0.5", "postcss-normalize-url": "^9.0.5", "postcss-normalize-whitespace": "^9.0.5", "postcss-ordered-values": "^9.0.7", "postcss-reduce-initial": "^9.0.6", "postcss-reduce-transforms": "^9.0.4", "postcss-svgo": "^9.0.4", "postcss-unique-selectors": "^9.0.5" }, "peerDependencies": { "postcss": "^8.5.28" } }, "sha512-HpBRavK5tdHJLW9eL2vc3zByyjpmDLV2R/3t8pAtykjUp4lPOtF5vR3g7IWJsv7QgdS2PRuBbVKPAcOVMCwrwQ=="],

    "cssnano-utils": ["cssnano-utils@8.2.0", "", { "dependencies": { "@csstools/css-tokenizer": "^4.0.2" }, "peerDependencies": { "postcss": "^8.5.28" } }, "sha512-S8lXvsU3u0kMJ8JXQ5UekIZQbBZkOuncYaRTXGTRzztrg5Kis/nPrYnJQxPwL+LcePs9aqa/UD6mB78BoHldvw=="],

    "csso": ["csso@5.0.5", "", { "dependencies": { "css-tree": "~2.2.0" } }, "sha512-0LrrStPOdJj+SPCCrGhzryycLjwcgUSHBtxNA8aIDxf0GLsRh1cKYhB00Gd1lDOS4yGH69+SNn13+TWbVHETFQ=="],

    "dom-serializer": ["dom-serializer@2.0.0", "", { "dependencies": { "domelementtype": "^2.3.0", "domhandler": "^5.0.2", "entities": "^4.2.0" } }, "sha512-wIkAryiqt/nV5EQKqQpo3SToSOV9J0DnbJqwK7Wv/Trc92zIAYZ4FlMu+JPFW1DfGFt81ZTCGgDEabffXeLyJg=="],

    "domelementtype": ["domelementtype@2.3.0", "", {}, "sha512-OLETBj6w0OsagBwdXnPdN0cnMfF9opN69co+7ZrbfPGrdpPVNBUj02spi6B1N7wChLQiPn4CSH/zJvXw56gmHw=="],

    "domhandler": ["domhandler@5.0.3", "", { "dependencies": { "domelementtype": "^2.3.0" } }, "sha512-cgwlv/1iFQiFnU96XXgROh8xTeetsnJiDsTc7TYCLFd9+/WNkIqPTxiM/8pSd8VIrhXGTf1Ny1q1hquVqDJB5w=="],

    "domutils": ["domutils@3.2.2", "", { "dependencies": { "dom-serializer": "^2.0.0", "domelementtype": "^2.3.0", "domhandler": "^5.0.3" } }, "sha512-6kZKyUajlDuqlHKVX1w7gyslj9MPIXzIFiz/rGu35uC1wMi+kMhQwGhl4lt9unC9Vb9INnY9Z3/ZA3+FhASLaw=="],

    "dot-case": ["dot-case@3.0.4", "", { "dependencies": { "no-case": "^3.0.4", "tslib": "^2.0.3" } }, "sha512-Kv5nKlh6yRrdrGvxeJ2e5y2eRUpkUosIW4A2AS38zwSz27zu7ufDwQPi5Jhs3XAlGNetl3bmnGhQsMtkKJnj3w=="],

    "electron-to-chromium": ["electron-to-chromium@1.5.439", "", {}, "sha512-qu6QIPXhsb+CRcAiTMNjR4A1y/7tCYKkKjr5CZXRVih6qkDf79peZ2BpEU3qoDBNCRrcy3Mra3X9nG5oruuA7Q=="],

    "entities": ["entities@7.0.1", "", {}, "sha512-TWrgLOFUQTH994YUyl1yT4uyavY5nNB5muff+RtWaqNVCAK408b5ZnnbNAUEWLTCpum9w6arT70i1XdQ4UeOPA=="],

    "escalade": ["escalade@3.2.0", "", {}, "sha512-WUj2qlxaQtO4g6Pq5c29GTcWGDyd8itL8zTlipgECz3JesAiiOKotd8JU6otB3PACgG6xkJUyVhboMS+bje/jA=="],

    "happy-dom": ["happy-dom@20.14.5", "", { "dependencies": { "@types/node": ">=20.0.0", "@types/whatwg-mimetype": "^3.0.2", "@types/ws": "^8.18.1", "buffer-image-size": "^0.6.4", "entities": "^7.0.1", "whatwg-mimetype": "^3.0.0", "ws": "^8.21.0" } }, "sha512-x/RzkpWO40bTjIoT30iQtt64FLLmH/iRcUCN2X//bLx7H3ifkdfPXyqsro/OYtqzIAhiLMMA7mmiOR9C3NOKjQ=="],

    "html-minifier-terser": ["html-minifier-terser@7.2.0", "", { "dependencies": { "camel-case": "^4.1.2", "clean-css": "~5.3.2", "commander": "^10.0.0", "entities": "^4.4.0", "param-case": "^3.0.4", "relateurl": "^0.2.7", "terser": "^5.15.1" }, "bin": { "html-minifier-terser": "cli.js" } }, "sha512-tXgn3QfqPIpGl9o+K5tpcj3/MN4SfLtsx2GWwBC3SSd0tXQGyF3gsSqad8loJgKZGM3ZxbYDd5yhiBIdWpmvLA=="],

    "lower-case": ["lower-case@2.0.2", "", { "dependencies": { "tslib": "^2.0.3" } }, "sha512-7fm3l3NAF9WfN6W3JOmf5drwpVqX78JtoGJ3A6W0a6ZnldM41w2fV5D490psKFTpMds8TJse/eHLFFsNHHjHgg=="],

    "mdn-data": ["mdn-data@2.12.2", "", {}, "sha512-IEn+pegP1aManZuckezWCO+XZQDplx1366JoVhTpMpBB1sPey/SbveZQUosKiKiGYjg1wH4pMlNgXbCiYgihQA=="],

    "nanoid": ["nanoid@3.3.19", "", { "bin": { "nanoid": "bin/nanoid.cjs" } }, "sha512-Y2tUNy4ouw6tq5oDSKeQYGOyhkUBhNOcGV/02KC+6kd9eDGqdZd++mjMiIDilrBYvjEnCYvVtsuHCuP+okSfug=="],

    "no-case": ["no-case@3.0.4", "", { "dependencies": { "lower-case": "^2.0.2", "tslib": "^2.0.3" } }, "sha512-fgAN3jGAh+RoxUGZHTSOLJIqUc2wmoBwGR4tbpNAKmmovFoWq0OdRkb0VkldReO2a2iBT/OEulG9XSUc10r3zg=="],

    "node-releases": ["node-releases@2.0.57", "", {}, "sha512-kQK9LGGFiHtrWiNhZtA7Qbw17AQz+dmsEKODRIVTXA9+e5MS/2gZEBhYJt13GrAz5/IOZKddH/0Z3TP/Zgo+yw=="],

    "nth-check": ["nth-check@2.1.1", "", { "dependencies": { "boolbase": "^1.0.0" } }, "sha512-lqjrjmaOoAnWfMmBPL+XNnynZh2+swxiX3WUE0s4yEHI6m+AwrK2UZOimIRl3X/4QctVqS8AiZjFqyOGrMXb/w=="],

    "param-case": ["param-case@3.0.4", "", { "dependencies": { "dot-case": "^3.0.4", "tslib": "^2.0.3" } }, "sha512-RXlj7zCYokReqWpOPH9oYivUzLYZ5vAPIfEmCTNViosC78F8F0H9y7T7gG2M39ymgutxF5gcFEsyZQSph9Bp3A=="],

    "pascal-case": ["pascal-case@3.1.2", "", { "dependencies": { "no-case": "^3.0.4", "tslib": "^2.0.3" } }, "sha512-uWlGT3YSnK9x3BQJaOdcZwrnV6hPpd8jFH1/ucpiLRPh/2zCVJKS19E4GvYHvaCcACn3foXZ0cLB9Wrx1KGe5g=="],

    "picocolors": ["picocolors@1.1.1", "", {}, "sha512-xceH2snhtb5M9liqDsmEw56le376mTZkEX/jEb/RxNFyegNul7eNslCXP9FDj/Lcu0X8KEyMceP2ntpaHrDEVA=="],

    "postcss": ["postcss@8.5.28", "", { "dependencies": { "nanoid": "^3.3.18", "picocolors": "^1.1.1", "source-map-js": "^1.2.1" } }, "sha512-RRuzqDtt5Y9h3quz5hWhK+TPnsmVs6WwSU6LkJMeY4HstUEDuYTG8UJSdawMRzmzAtV+KEoG8N3Qg2qLy5vM/A=="],

    "postcss-calc": ["postcss-calc@11.2.2", "", { "dependencies": { "@csstools/css-tokenizer": "^4.0.2" }, "peerDependencies": { "postcss": "^8.5.28" } }, "sha512-wSquceGIY20fnsXcdIYtzW0r34aoXlT6iDYpYKpgR5Ax/KCZMDteE54Z+4Ee24ryYkjnRU5F3cxvhRfNp6t5VA=="],

    "postcss-colormin": ["postcss-colormin@9.0.6", "", { "dependencies": { "@colordx/core": "^7.2.0", "@csstools/css-tokenizer": "^4.0.2", "browserslist": "^4.29.3", "caniuse-api": "^4.0.0", "cssnano-utils": "^8.0.2" }, "peerDependencies": { "postcss": "^8.5.28" } }, "sha512-uKsm564OtyCc0WgUhhs1+vuk6jWK+0T128NvYxiINThP5Jgn7GjsYpkc6nwiFeVpqPMXEBYsWdb3xhb4tfnT6w=="],

    "postcss-convert-values": ["postcss-convert-values@9.0.7", "", { "dependencies": { "browserslist": "^4.29.3", "cssnano-utils": "^8.0.2" }, "peerDependencies": { "postcss": "^8.5.28" } }, "sha512-H2wfTbGzeU/71cPn6z3MWco+x46XPvgAISUVT3lo1JU6wAJWWEQ71JevslwjWr3GaY0unDixcmRIT0vIn5Imqg=="],

    "postcss-discard-comments": ["postcss-discard-comments@9.0.6", "", { "dependencies": { "@csstools/css-tokenizer": "^4.0.2", "cssnano-utils": "^8.0.2" }, "peerDependencies": { "postcss": "^8.5.28" } }, "sha512-jK5bfKASmV7fSf6rL8XEU4uJaQUe5/5OFkA8pzHooUugV73uIg2JFEMnNwdHBOXJ+bAcGPZ7b7DxkXZdtqG7Bg=="],

    "postcss-discard-duplicates": ["postcss-discard-duplicates@9.0.5", "", { "dependencies": { "cssnano-utils": "^8.1.0" }, "peerDependencies": { "postcss": "^8.5.28" } }, "sha512-Il321Y6C/In5Uyub+wmf+9TwiYtTGg1Fk4F5DtjXXbQezeNdO3wLNeTRLXzmuihu3vHRmks2bG9di1ImyaGsQw=="],

    "postcss-discard-empty": ["postcss-discard-empty@9.0.6", "", { "dependencies": { "cssnano-utils": "^8.1.0" }, "peerDependencies": { "postcss": "^8.5.28" } }, "sha512-Bi4fYujDBqBVKsqPOIlZ2QElVa/rDHbfz0nTrrDyML2hoKJndk/qJuc1kN2+OChHDQNIHUjfEX3jHCiGDAt3wQ=="],

    "postcss-discard-overridden": ["postcss-discard-overridden@9.0.5", "", { "peerDependencies": { "postcss": "^8.5.28" } }, "sha512-R/pSAgkbHOdPi8op7b5IyeY8Z0hJ1yemvRpNP2dh41Lm2ldjA1N1lXBdopj7vbzLzzhXLNPnQTolV+vUJ3HGVA=="],

    "postcss-merge-longhand": ["postcss-merge-longhand@9.2.1", "", { "dependencies": { "@csstools/css-tokenizer": "^4.0.2", "browserslist": "^4.29.3", "cssnano-utils": "^8.2.0", "stylehacks": "^9.0.7" }, "peerDependencies": { "postcss": "^8.5.28" } }, "sha512-dYwIiRP/lH2ItiUo/t9QG/Vn0ac5dPjISTTosF8yfU0PaFZcRYb8mnO82LxQtfYfUqtzWduYGrGVDyLi8N5xxQ=="],

    "postcss-merge-rules": ["postcss-merge-rules@9.1.2", "", { "dependencies": { "@csstools/css-tokenizer": "^4.0.2", "browserslist": "^4.29.3", "caniuse-api": "^4.0.0", "cssnano-utils": "^8.2.0", "postcss-minify-selectors": "^9.0.6" }, "peerDependencies": { "postcss": "^8.5.28" } }, "sha512-hDAdZNa4MgxPK7VbKqFHz7NlmZMehhcSWP4wDi77mmmUTs6K/rTw0hekCN4t9vBhwKhM9gKsGJS/FcGQB1bZdg=="],

    "postcss-minify-font-values": ["postcss-minify-font-values@9.0.7", "", { "dependencies": { "@csstools/css-tokenizer": "^4.0.2", "cssnano-utils": "^8.1.0" }, "peerDependencies": { "postcss": "^8.5.28" } }, "sha512-cnje2Aby5P4o0IUvy02yhQ9wJ8PJNYd32iYFnM3/2G+1nvoUs/hRAkyFf2WfGlgtBJy24QPMYdWRUQ6CDm1MYw=="],

    "postcss-minify-gradients": ["postcss-minify-gradients@9.0.6", "", { "dependencies": { "@colordx/core": "^7.2.0", "@csstools/css-tokenizer": "^4.0.2", "cssnano-utils": "^8.0.2" }, "peerDependencies": { "postcss": "^8.5.28" } }, "sha512-r0u1zcMXFn2xmafxONtZhmmeL/e5f3d9MK4vReuG1y58Vfn8iSWIzF3yiU9+QOtJjb+c2Fd+ZeaM08dkMD/ETQ=="],

    "postcss-minify-params": ["postcss-minify-params@9.0.6", "", { "dependencies": { "browserslist": "^4.29.3", "cssnano-utils": "^8.0.2" }, "peerDependencies": { "postcss": "^8.5.28" } }, "sha512-HbQdOob8KqH+IslULbA52A/uZZUTArDxJ+eDqSnWq7cnCvGets/H/AQU998+BlFgB4Nv5bngWeFVtWp4we26cw=="],

    "postcss-minify-selectors": ["postcss-minify-selectors@9.0.6", "", { "dependencies": { "browserslist": "^4.29.3", "caniuse-api": "^4.0.0", "cssesc": "^3.0.0", "cssnano-utils": "^8.0.2" }, "peerDependencies": { "postcss": "^8.5.28" } }, "sha512-JOZcNGgwy+E4eR+cy9B0KPa4DUsNHOp899xYEJW8dvpsAFuzBzJXrbnKaAEnbd3nvE4nr4Z+ECQiZTswLPsdkg=="],

    "postcss-normalize-charset": ["postcss-normalize-charset@9.0.5", "", { "peerDependencies": { "postcss": "^8.5.28" } }, "sha512-mmbQmD9mlz3pTo+r4KdwcfD23cNksQo7aYNa4lfL4Bsj0XkL+rtcbNOY7Oo+U82DP1syYXCyF1PRc32gb36MqA=="],

    "postcss-normalize-display-values": ["postcss-normalize-display-values@9.0.5", "", { "dependencies": { "@csstools/css-tokenizer": "^4.0.2", "cssnano-utils": "^8.0.1" }, "peerDependencies": { "postcss": "^8.5.28" } }, "sha512-V5tOZuYQtOpYNjoSjciDckB8Ry+s2NcHqVHloYe5Xh/6OA2Z3kVymAck3zipZ1uLBdMvg7BUvxoDIcH6dJCPug=="],

    "postcss-normalize-positions": ["postcss-normalize-positions@9.0.6", "", { "dependencies": { "cssnano-utils": "^8.0.2" }, "peerDependencies": { "postcss": "^8.5.28" } }, "sha512-n69U09h5ej9q7/mNCDdA5TJpJEgfIoLaEPZX1zMtWE+QXysEm9K62GfDxuHYnOEQle0s/HhpT5wQ/BqFGrHQ4Q=="],

    "postcss-normalize-repeat-style": ["postcss-normalize-repeat-style@9.0.5", "", { "dependencies": { "cssnano-utils": "^8.0.1" }, "peerDependencies": { "postcss": "^8.5.28" } }, "sha512-1QZ9ZdyWb4TRDCXIg8iqeACo6BWKjxtfeMgMSy6ORqX21gKN4lYYQqZpxPdILpvbLaEfXGVd0ptMCiKbxCObjA=="],

    "postcss-normalize-string": ["postcss-normalize-string@9.0.5", "", { "dependencies": { "@csstools/css-tokenizer": "^4.0.2" }, "peerDependencies": { "postcss": "^8.5.28" } }, "sha512-470sWbU7N/kwSOYl+9yJUzq1BWSHAVLP86E89Ap5RGZGXmBnn7jmwF2xgH+a7uSAkaBhTGu/hf4R1U5gGHqEHw=="],

    "postcss-normalize-timing-functions": ["postcss-normalize-timing-functions@9.0.5", "", { "dependencies": { "@csstools/css-tokenizer": "^4.0.2", "cssnano-utils": "^8.0.1" }, "peerDependencies": { "postcss": "^8.5.28" } }, "sha512-uw5Y1xNsnh1Z8XB1I4Sx6/T7GKfdBTpX7X7ywDibb35IIYjJLf68qjBRDl59ETYrWkoGxZXIYU74RcO6cAjjmw=="],

    "postcss-normalize-unicode": ["postcss-normalize-unicode@9.0.5", "", { "dependencies": { "@csstools/css-tokenizer": "^4.0.2", "browserslist": "^4.29.3", "cssnano-utils": "^8.0.2" }, "peerDependencies": { "postcss": "^8.5.28" } }, "sha512-mDIcHiI0JMEchOA+OdTNAkhdb6IUIJFocVuacszLC/zFJlhyc0GUeZYIkaGVg/tEj3X8jVnd8Xetm8iN/0cAvQ=="],

    "postcss-normalize-url": ["postcss-normalize-url@9.0.5", "", { "dependencies": { "@csstools/css-tokenizer": "^4.0.2", "cssnano-utils": "^8.0.1" }, "peerDependencies": { "postcss": "^8.5.28" } }, "sha512-iGf8SEx4Abu9XqmubHU7Prl7dWT0gk+VethwzfY40Zo9y3VItrz8QSDFMCxQmWpphXiU0jGq5K4uoiSi2ySnNw=="],

    "postcss-normalize-whitespace": ["postcss-normalize-whitespace@9.0.5", "", { "dependencies": { "@csstools/css-tokenizer": "^4.0.2", "cssnano-utils": "^8.0.1" }, "peerDependencies": { "postcss": "^8.5.28" } }, "sha512-vaDslAUVqguYgC2jMb90Rc+N904rPx4XtYIWhaI/8m6OYx7+EOgsQmTLOGB4WjDAIMOgdBVTQqub8dQSoSVyww=="],

    "postcss-ordered-values": ["postcss-ordered-values@9.0.7", "", { "dependencies": { "cssnano-utils": "^8.2.0" }, "peerDependencies": { "postcss": "^8.5.28" } }, "sha512-vEXN/t5iqwZvRAURoAsp06CxIBwJ6o9ViDAbENZPd6KgLys2U/z4UIafket5S/L2ps7cR216dN++Vt6d28frqQ=="],

    "postcss-reduce-initial": ["postcss-reduce-initial@9.0.6", "", { "dependencies": { "browserslist": "^4.29.3", "caniuse-api": "^4.0.0" }, "peerDependencies": { "postcss": "^8.5.28" } }, "sha512-Jjj9edyokvyJ/BJ0X/8S6zHrLSKziTX0lwd4nhJwbEkaRut9v6F79sdy6tC+69KDyo8ILsCGXeR41agJSt7Kfg=="],

    "postcss-reduce-transforms": ["postcss-reduce-transforms@9.0.4", "", { "dependencies": { "cssnano-utils": "^8.0.0" }, "peerDependencies": { "postcss": "^8.5.28" } }, "sha512-hRzepc/cwIs1cCdIghQatRDFlxc7qQieXzkyCfyVl8KPTPhOZyOtdPp9Qt90fMbqWry6YdMQu/YfScxh47sTYg=="],

    "postcss-svgo": ["postcss-svgo@9.0.4", "", { "dependencies": { "@csstools/css-tokenizer": "^4.0.2", "cssnano-utils": "^8.0.0", "svgo": "^4.1.0" }, "peerDependencies": { "postcss": "^8.5.28" } }, "sha512-0QGF1sORc244E+DNJxEzQDK/zK24VO0CMzAMOwOW+cQ90Y65mVDR2yrSxp4/f+XcdxmAf5LPm22zlnhVUTbtAA=="],

    "postcss-unique-selectors": ["postcss-unique-selectors@9.0.5", "", { "dependencies": { "@csstools/css-tokenizer": "^4.0.2" }, "peerDependencies": { "postcss": "^8.5.28" } }, "sha512-1otppE5FwWqmIM1jqBpeAdA0GSP9wwzRCRsbz7EtbSNunh3bJ9PPRuYYzByvqnz7L351ZA2fDHC0CcouYoPWfA=="],

    "relateurl": ["relateurl@0.2.7", "", {}, "sha512-G08Dxvm4iDN3MLM0EsP62EDV9IuhXPR6blNz6Utcp7zyV3tr4HVNINt6MpaRWbxoOHT3Q7YN2P+jaHX8vUbgog=="],

    "sax": ["sax@1.6.1", "", {}, "sha512-42tBVwLWnaQvW5zc4HbZrTuWccECCZfBi92FDuwtqxasH+JbPB3/FOKb1m222K42R4WxuxzzMsTswfzgtSu64Q=="],

    "source-map": ["source-map@0.6.1", "", {}, "sha512-UjgapumWlbMhkBgzT7Ykc5YXUT46F0iKu8SGXq0bcwP5dz/h0Plj6enJqjz1Zbq2l5WaqYnrVbwWOWMyF3F47g=="],

    "source-map-js": ["source-map-js@1.2.1", "", {}, "sha512-UXWMKhLOwVKb728IUtQPXxfYU+usdybtUrK/8uGE8CQMvrhOpwvzDBwj0QhSL7MQc7vIsISBG8VQ8+IDQxpfQA=="],

    "source-map-support": ["source-map-support@0.5.21", "", { "dependencies": { "buffer-from": "^1.0.0", "source-map": "^0.6.0" } }, "sha512-uBHU3L3czsIyYXKX88fdrGovxdSCoTGDRZ6SYXtSRxLZUzHg5P/66Ht6uoUlHu9EZod+inXhKo3qQgwXUT/y1w=="],

    "stylehacks": ["stylehacks@9.0.7", "", { "dependencies": { "@csstools/css-tokenizer": "^4.0.2", "browserslist": "^4.29.3" }, "peerDependencies": { "postcss": "^8.5.28" } }, "sha512-KIpCgyoHOxm3wKEGPLvvrQT8bl0E/qCF+MkO83Pe7469JDsWE7PT0k2AlZJFivO+9j/222q+sI8EKSAalIRkNA=="],

    "svgo": ["svgo@4.1.0", "", { "dependencies": { "commander": "^11.1.0", "css-select": "^6.0.0", "css-tree": "^3.0.1", "css-what": "^7.0.0", "csso": "^5.0.5", "picocolors": "^1.1.1", "sax": "1.6.1" }, "bin": { "svgo": "bin/svgo.js" } }, "sha512-bkxnTg1kSU0guhIBmibA6UUhrQmPVA1XsQLN+ylCd+UWzbnLkySOcXpyk1mrl05f+pcaCx2eHb+sp6BgMZWX+Q=="],

    "terser": ["terser@5.51.2", "", { "dependencies": { "@jridgewell/source-map": "^0.3.3", "acorn": "^8.15.0", "commander": "^2.20.0", "source-map-support": "~0.5.20" }, "bin": { "terser": "bin/terser" } }, "sha512-bWnjSNscmuI+GJze6ZupnHP8G/cTcsJF+bXCeQknk2SHQsgbNJnLrqiH9jZ2W4STPVXH2mDKKRX3iwPhc9Cn/Q=="],

    "tslib": ["tslib@2.8.1", "", {}, "sha512-oJFu94HQb+KVduSUQL7wnpmqnfmLsOA/nAh6b6EH0wCEoK0/mPeXU6c3wKDV83MkOuHPRHtSXKKU99IBazS/2w=="],

    "undici-types": ["undici-types@8.9.0", "", {}, "sha512-KTDyRTYX8sWmKXAikPHHSyc63CRPETMctyjKFupcC6OBLXT3xsN0e9aF7m+mIXutFWpUXuedtowG7iLOzp0kQg=="],

    "update-browserslist-db": ["update-browserslist-db@1.3.3", "", { "dependencies": { "escalade": "^3.2.0", "picocolors": "^1.1.1" }, "peerDependencies": { "browserslist": ">= 4.21.0" }, "bin": { "update-browserslist-db": "cli.js" } }, "sha512-pJ2sYawQS0R/WI928Gj5GlPhTGzbMelq0+4INtSYNDV9ErKJcX6xjGWkoG/VnB3dpUm00zALaqkrUD77pO5TDQ=="],

    "whatwg-mimetype": ["whatwg-mimetype@3.0.0", "", {}, "sha512-nt+N2dzIutVRxARx1nghPKGv1xHikU7HKdfafKkLNLindmPU/ch3U31NOCGGA/dmPcmb1VlofO0vnKAcsm0o/Q=="],

    "ws": ["ws@8.21.3", "", { "peerDependencies": { "bufferutil": "^4.0.1", "utf-8-validate": ">=5.0.2" }, "optionalPeers": ["bufferutil", "utf-8-validate"] }, "sha512-201TZ/kPWxoPr/OKWjquZR1SWKXcvxdH+e1xrx89b3YbmzLMFCLfnaG1HFIgWzJOEWZ7MvpK++odZufgYR50Rw=="],

    "caniuse-api/browserslist": ["browserslist@4.29.1", "", { "dependencies": { "baseline-browser-mapping": "^2.11.25", "caniuse-lite": "^1.0.30001810", "electron-to-chromium": "^1.5.438", "node-releases": "^2.0.57", "update-browserslist-db": "^1.3.3" }, "bin": { "browserslist": "cli.js" } }, "sha512-AUdjuRyCNGUYtqpqfTmWyM4fXay8yIQhmLnvYe/THMGfT9B/34X7xQd3ifKxwyNPPpowVBjLb+64BN9Rn1mizw=="],

    "caniuse-api/caniuse-lite": ["caniuse-lite@1.0.30001812", "", {}, "sha512-qN+QNNBr93TCmFrmte0bBCjSDMuRvt78VlHT99qIGPszm4QsqCX8lnyWUFkHi8B7ZBAPq8SH+UqyXNy/odMdng=="],

    "csso/css-tree": ["css-tree@2.2.1", "", { "dependencies": { "mdn-data": "2.0.28", "source-map-js": "^1.0.1" } }, "sha512-OA0mILzGc1kCOCSJerOeqDxDQ4HOh+G8NbOJFOTgOCzpw7fCBubk0fEyxp8AgOL/jvLgYA/uV0cMbe43ElF1JA=="],

    "dom-serializer/entities": ["entities@4.5.0", "", {}, "sha512-V0hjH4dGPh9Ao5p0MoRY6BVqtwCjhz6vI5LT8AJ55H+4g9/4vbHx1I54fS0XuclLhDHArPQCiMjDxjaL8fPxhw=="],

    "html-minifier-terser/entities": ["entities@4.5.0", "", {}, "sha512-V0hjH4dGPh9Ao5p0MoRY6BVqtwCjhz6vI5LT8AJ55H+4g9/4vbHx1I54fS0XuclLhDHArPQCiMjDxjaL8fPxhw=="],

    "html-minifier-terser/terser": ["terser@5.44.0", "", { "dependencies": { "@jridgewell/source-map": "^0.3.3", "acorn": "^8.15.0", "commander": "^2.20.0", "source-map-support": "~0.5.20" }, "bin": { "terser": "bin/terser" } }, "sha512-nIVck8DK+GM/0Frwd+nIhZ84pR/BX7rmXMfYwyg+Sri5oGVE99/E3KvXqpC2xHFxyqXyGHTKBSioxxplrO4I4w=="],

    "svgo/commander": ["commander@11.1.0", "", {}, "sha512-yPVavfyCcRhmorC7rWlkHn15b4wDVgVmBA7kV4QVBsF7kv/9TKJAbAXVTxvTnwP8HHKjRCJDClKbciiYS7p0DQ=="],

    "terser/commander": ["commander@2.20.3", "", {}, "sha512-GpVkmM8vF2vQUkj2LvZmD35JxeJOLCwJ9cUkugyk2nuhbv3+mJvpLYYt+0+USMxE+oj+ey/lJEnhZw75x/OMcQ=="],

    "csso/css-tree/mdn-data": ["mdn-data@2.0.28", "", {}, "sha512-aylIc7Z9y4yzHYAJNuESG3hfhC+0Ibp/MAMiaOZgNv4pmEdFyfZhhhny4MNiAfWdBQ1RQ2mfDWmM1x8SvGyp8g=="],

    "html-minifier-terser/terser/commander": ["commander@2.20.3", "", {}, "sha512-GpVkmM8vF2vQUkj2LvZmD35JxeJOLCwJ9cUkugyk2nuhbv3+mJvpLYYt+0+USMxE+oj+ey/lJEnhZw75x/OMcQ=="],
  }
}
